<?xml version="1.0" encoding="utf-8"?>
<Project ToolsVersion="4.0" xmlns="http://schemas.microsoft.com/developer/msbuild/2003">
  <ItemGroup>
    <Filter Include="源文件">
      <UniqueIdentifier>{4FC737F1-C7A5-4376-A066-2A32D752A2FF}</UniqueIdentifier>
      <Extensions>cpp;c;cc;cxx;def;odl;idl;hpj;bat;asm;asmx</Extensions>
    </Filter>
    <Filter Include="头文件">
      <UniqueIdentifier>{93995380-89BD-4b04-88EB-625FBE52EBFB}</UniqueIdentifier>
      <Extensions>h;hh;hpp;hxx;hm;inl;inc;ipp;xsd</Extensions>
    </Filter>
    <Filter Include="资源文件">
      <UniqueIdentifier>{67DA6AB6-F800-4c08-8B7A-83BB121AAD01}</UniqueIdentifier>
      <Extensions>rc;ico;cur;bmp;dlg;rc2;rct;bin;rgs;gif;jpg;jpeg;jpe;resx;tiff;tif;png;wav;mfcribbon-ms</Extensions>
    </Filter>
    <Filter Include="头文件\winux">
      <UniqueIdentifier>{ea8f2f57-4566-4489-a576-b2bb059dd023}</UniqueIdentifier>
    </Filter>
    <Filter Include="源文件\winux">
      <UniqueIdentifier>{9ff988dd-9a32-42ba-9ebb-e25eab375887}</UniqueIdentifier>
    </Filter>
  </ItemGroup>
  <ItemGroup>
    <ClInclude Include="..\thirdparties\winux\include\archives.hpp">
      <Filter>头文件\winux</Filter>
    </ClInclude>
    <ClInclude Include="..\thirdparties\winux\include\compress.hpp">
      <Filter>头文件\winux</Filter>
    </ClInclude>
    <ClInclude Include="..\thirdparties\winux\include\console.hpp">
      <Filter>头文件\winux</Filter>
    </ClInclude>
    <ClInclude Include="..\thirdparties\winux\include\encoding.hpp">
      <Filter>头文件\winux</Filter>
    </ClInclude>
    <ClInclude Include="..\thirdparties\winux\include\filesys.hpp">
      <Filter>头文件\winux</Filter>
    </ClInclude>
    <ClInclude Include="..\thirdparties\winux\include\json.hpp">
      <Filter>头文件\winux</Filter>
    </ClInclude>
    <ClInclude Include="..\thirdparties\winux\include\md5.hpp">
      <Filter>头文件\winux</Filter>
    </ClInclude>
    <ClInclude Include="..\thirdparties\winux\include\smartptr.hpp">
      <Filter>头文件\winux</Filter>
    </ClInclude>
    <ClInclude Include="..\thirdparties\winux\include\strings.hpp">
      <Filter>头文件\winux</Filter>
    </ClInclude>
    <ClInclude Include="..\thirdparties\winux\include\system.hpp">
      <Filter>头文件\winux</Filter>
    </ClInclude>
    <ClInclude Include="..\thirdparties\winux\include\threads.hpp">
      <Filter>头文件\winux</Filter>
    </ClInclude>
    <ClInclude Include="..\thirdparties\winux\include\threadtask.hpp">
      <Filter>头文件\winux</Filter>
    </ClInclude>
    <ClInclude Include="..\thirdparties\winux\include\time.hpp">
      <Filter>头文件\winux</Filter>
    </ClInclude>
    <ClInclude Include="..\thirdparties\winux\include\utilities.hpp">
      <Filter>头文件\winux</Filter>
    </ClInclude>
    <ClInclude Include="..\thirdparties\winux\include\winux.hpp">
      <Filter>头文件\winux</Filter>
    </ClInclude>
    <ClInclude Include="..\include\winplus.hpp">
      <Filter>头文件</Filter>
    </ClInclude>
    <ClInclude Include="..\include\winplus_compoundfile.hpp">
      <Filter>头文件</Filter>
    </ClInclude>
    <ClInclude Include="..\include\winplus_console.hpp">
      <Filter>头文件</Filter>
    </ClInclude>
    <ClInclude Include="..\include\winplus_definitions.hpp">
      <Filter>头文件</Filter>
    </ClInclude>
    <ClInclude Include="..\include\winplus_graphics.hpp">
      <Filter>头文件</Filter>
    </ClInclude>
    <ClInclude Include="..\include\winplus_ini.hpp">
      <Filter>头文件</Filter>
    </ClInclude>
    <ClInclude Include="..\include\winplus_picture.hpp">
      <Filter>头文件</Filter>
    </ClInclude>
    <ClInclude Include="..\include\winplus_resource.hpp">
      <Filter>头文件</Filter>
    </ClInclude>
    <ClInclude Include="..\include\winplus_shell.hpp">
      <Filter>头文件</Filter>
    </ClInclude>
    <ClInclude Include="..\include\winplus_strings.hpp">
      <Filter>头文件</Filter>
    </ClInclude>
    <ClInclude Include="..\include\winplus_system.hpp">
      <Filter>头文件</Filter>
    </ClInclude>
    <ClInclude Include="..\include\winplus_winctrl.hpp">
      <Filter>头文件</Filter>
    </ClInclude>
    <ClInclude Include="..\include\winplus_wordslib.hpp">
      <Filter>头文件</Filter>
    </ClInclude>
  </ItemGroup>
  <ItemGroup>
    <None Include="..\thirdparties\winux\include\func_invoker.inl">
      <Filter>头文件\winux</Filter>
    </None>
    <None Include="..\thirdparties\winux\include\func_runable.inl">
      <Filter>头文件\winux</Filter>
    </None>
    <None Include="..\thirdparties\winux\include\func_traits.inl">
      <Filter>头文件\winux</Filter>
    </None>
    <None Include="..\thirdparties\winux\include\is_x_funcs.inl">
      <Filter>头文件\winux</Filter>
    </None>
    <None Include="..\thirdparties\winux\include\mixed_ref_specified_type.inl">
      <Filter>头文件\winux</Filter>
    </None>
    <None Include="..\thirdparties\winux\include\system_detection.inl">
      <Filter>头文件\winux</Filter>
    </None>
    <None Include="..\src\winplus.def">
      <Filter>源文件</Filter>
    </None>
  </ItemGroup>
  <ItemGroup>
    <ClCompile Include="..\thirdparties\winux\src\console.cpp">
      <Filter>源文件\winux</Filter>
    </ClCompile>
    <ClCompile Include="..\thirdparties\winux\src\filesys.cpp">
      <Filter>源文件\winux</Filter>
    </ClCompile>
    <ClCompile Include="..\thirdparties\winux\src\json.cpp">
      <Filter>源文件\winux</Filter>
    </ClCompile>
    <ClCompile Include="..\thirdparties\winux\src\strings.cpp">
      <Filter>源文件\winux</Filter>
    </ClCompile>
    <ClCompile Include="..\thirdparties\winux\src\system.cpp">
      <Filter>源文件\winux</Filter>
    </ClCompile>
    <ClCompile Include="..\thirdparties\winux\src\time.cpp">
      <Filter>源文件\winux</Filter>
    </ClCompile>
    <ClCompile Include="..\thirdparties\winux\src\utilities.cpp">
      <Filter>源文件\winux</Filter>
    </ClCompile>
    <ClCompile Include="..\src\winplus_compoundfile.cpp">
      <Filter>源文件</Filter>
    </ClCompile>
    <ClCompile Include="..\src\winplus_console.cpp">
      <Filter>源文件</Filter>
    </ClCompile>
    <ClCompile Include="..\src\winplus_definitions.cpp">
      <Filter>源文件</Filter>
    </ClCompile>
    <ClCompile Include="..\src\winplus_graphics.cpp">
      <Filter>源文件</Filter>
    </ClCompile>
    <ClCompile Include="..\src\winplus_ini.cpp">
      <Filter>源文件</Filter>
    </ClCompile>
    <ClCompile Include="..\src\winplus_picture.cpp">
      <Filter>源文件</Filter>
    </ClCompile>
    <ClCompile Include="..\src\winplus_resource.cpp">
      <Filter>源文件</Filter>
    </ClCompile>
    <ClCompile Include="..\src\winplus_shell.cpp">
      <Filter>源文件</Filter>
    </ClCompile>
    <ClCompile Include="..\src\winplus_strings.cpp">
      <Filter>源文件</Filter>
    </ClCompile>
    <ClCompile Include="..\src\winplus_system.cpp">
      <Filter>源文件</Filter>
    </ClCompile>
    <ClCompile Include="..\src\winplus_winctrl.cpp">
      <Filter>源文件</Filter>
    </ClCompile>
    <ClCompile Include="..\src\winplus_wordslib.cpp">
      <Filter>源文件</Filter>
    </ClCompile>
    <ClCompile Include="..\thirdparties\winux\src\smartptr.cpp">
      <Filter>源文件\winux</Filter>
    </ClCompile>
  </ItemGroup>
</Project>