
Microsoft Visual Studio Solution File, Format Version 12.00
# Visual Studio 15
VisualStudioVersion = 15.0.33403.129
MinimumVisualStudioVersion = 10.0.40219.1
Project("{8BC9CEB8-8B4A-11D0-8D11-00A0C91BC942}") = "examples", "examples\examples.vcxproj", "{739C540C-8A55-C238-A809-B986463B1FFA}"
	ProjectSection(ProjectDependencies) = postProject
		{3F7002B7-6973-4B69-B9B0-7C6AC06AEEB2} = {3F7002B7-6973-4B69-B9B0-7C6AC06AEEB2}
	EndProjectSection
EndProject
Project("{8BC9CEB8-8B4A-11D0-8D11-00A0C91BC942}") = "winplus-dll", "projects\winplus-dll.vcxproj", "{64C80622-EAF0-48EA-959E-A5FE74FE4D64}"
EndProject
Project("{8BC9CEB8-8B4A-11D0-8D11-00A0C91BC942}") = "winplus-lib", "projects\winplus-lib.vcxproj", "{3F7002B7-6973-4B69-B9B0-7C6AC06AEEB2}"
EndProject
Global
	GlobalSection(SolutionConfigurationPlatforms) = preSolution
		MD-Debug|Win32 = MD-Debug|Win32
		MD-Debug|x64 = MD-Debug|x64
		MD-Release|Win32 = MD-Release|Win32
		MD-Release|x64 = MD-Release|x64
		MT-Debug|Win32 = MT-Debug|Win32
		MT-Debug|x64 = MT-Debug|x64
		MT-Release|Win32 = MT-Release|Win32
		MT-Release|x64 = MT-Release|x64
	EndGlobalSection
	GlobalSection(ProjectConfigurationPlatforms) = postSolution
		{739C540C-8A55-C238-A809-B986463B1FFA}.MD-Debug|Win32.ActiveCfg = MD-Debug|Win32
		{739C540C-8A55-C238-A809-B986463B1FFA}.MD-Debug|Win32.Build.0 = MD-Debug|Win32
		{739C540C-8A55-C238-A809-B986463B1FFA}.MD-Debug|x64.ActiveCfg = MD-Debug|Win32
		{739C540C-8A55-C238-A809-B986463B1FFA}.MD-Release|Win32.ActiveCfg = MD-Release|Win32
		{739C540C-8A55-C238-A809-B986463B1FFA}.MD-Release|Win32.Build.0 = MD-Release|Win32
		{739C540C-8A55-C238-A809-B986463B1FFA}.MD-Release|x64.ActiveCfg = MD-Release|Win32
		{739C540C-8A55-C238-A809-B986463B1FFA}.MT-Debug|Win32.ActiveCfg = MT-Debug|Win32
		{739C540C-8A55-C238-A809-B986463B1FFA}.MT-Debug|Win32.Build.0 = MT-Debug|Win32
		{739C540C-8A55-C238-A809-B986463B1FFA}.MT-Debug|x64.ActiveCfg = MT-Debug|Win32
		{739C540C-8A55-C238-A809-B986463B1FFA}.MT-Release|Win32.ActiveCfg = MT-Release|Win32
		{739C540C-8A55-C238-A809-B986463B1FFA}.MT-Release|Win32.Build.0 = MT-Release|Win32
		{739C540C-8A55-C238-A809-B986463B1FFA}.MT-Release|x64.ActiveCfg = MT-Release|Win32
		{64C80622-EAF0-48EA-959E-A5FE74FE4D64}.MD-Debug|Win32.ActiveCfg = MD-Debug|Win32
		{64C80622-EAF0-48EA-959E-A5FE74FE4D64}.MD-Debug|Win32.Build.0 = MD-Debug|Win32
		{64C80622-EAF0-48EA-959E-A5FE74FE4D64}.MD-Debug|x64.ActiveCfg = MD-Debug|x64
		{64C80622-EAF0-48EA-959E-A5FE74FE4D64}.MD-Debug|x64.Build.0 = MD-Debug|x64
		{64C80622-EAF0-48EA-959E-A5FE74FE4D64}.MD-Release|Win32.ActiveCfg = MD-Release|Win32
		{64C80622-EAF0-48EA-959E-A5FE74FE4D64}.MD-Release|Win32.Build.0 = MD-Release|Win32
		{64C80622-EAF0-48EA-959E-A5FE74FE4D64}.MD-Release|x64.ActiveCfg = MD-Release|x64
		{64C80622-EAF0-48EA-959E-A5FE74FE4D64}.MD-Release|x64.Build.0 = MD-Release|x64
		{64C80622-EAF0-48EA-959E-A5FE74FE4D64}.MT-Debug|Win32.ActiveCfg = MT-Debug|Win32
		{64C80622-EAF0-48EA-959E-A5FE74FE4D64}.MT-Debug|Win32.Build.0 = MT-Debug|Win32
		{64C80622-EAF0-48EA-959E-A5FE74FE4D64}.MT-Debug|x64.ActiveCfg = MT-Debug|x64
		{64C80622-EAF0-48EA-959E-A5FE74FE4D64}.MT-Debug|x64.Build.0 = MT-Debug|x64
		{64C80622-EAF0-48EA-959E-A5FE74FE4D64}.MT-Release|Win32.ActiveCfg = MT-Release|Win32
		{64C80622-EAF0-48EA-959E-A5FE74FE4D64}.MT-Release|Win32.Build.0 = MT-Release|Win32
		{64C80622-EAF0-48EA-959E-A5FE74FE4D64}.MT-Release|x64.ActiveCfg = MT-Release|x64
		{64C80622-EAF0-48EA-959E-A5FE74FE4D64}.MT-Release|x64.Build.0 = MT-Release|x64
		{3F7002B7-6973-4B69-B9B0-7C6AC06AEEB2}.MD-Debug|Win32.ActiveCfg = MD-Debug|Win32
		{3F7002B7-6973-4B69-B9B0-7C6AC06AEEB2}.MD-Debug|Win32.Build.0 = MD-Debug|Win32
		{3F7002B7-6973-4B69-B9B0-7C6AC06AEEB2}.MD-Debug|x64.ActiveCfg = MD-Debug|x64
		{3F7002B7-6973-4B69-B9B0-7C6AC06AEEB2}.MD-Debug|x64.Build.0 = MD-Debug|x64
		{3F7002B7-6973-4B69-B9B0-7C6AC06AEEB2}.MD-Release|Win32.ActiveCfg = MD-Release|Win32
		{3F7002B7-6973-4B69-B9B0-7C6AC06AEEB2}.MD-Release|Win32.Build.0 = MD-Release|Win32
		{3F7002B7-6973-4B69-B9B0-7C6AC06AEEB2}.MD-Release|x64.ActiveCfg = MD-Release|x64
		{3F7002B7-6973-4B69-B9B0-7C6AC06AEEB2}.MD-Release|x64.Build.0 = MD-Release|x64
		{3F7002B7-6973-4B69-B9B0-7C6AC06AEEB2}.MT-Debug|Win32.ActiveCfg = MT-Debug|Win32
		{3F7002B7-6973-4B69-B9B0-7C6AC06AEEB2}.MT-Debug|Win32.Build.0 = MT-Debug|Win32
		{3F7002B7-6973-4B69-B9B0-7C6AC06AEEB2}.MT-Debug|x64.ActiveCfg = MT-Debug|x64
		{3F7002B7-6973-4B69-B9B0-7C6AC06AEEB2}.MT-Debug|x64.Build.0 = MT-Debug|x64
		{3F7002B7-6973-4B69-B9B0-7C6AC06AEEB2}.MT-Release|Win32.ActiveCfg = MT-Release|Win32
		{3F7002B7-6973-4B69-B9B0-7C6AC06AEEB2}.MT-Release|Win32.Build.0 = MT-Release|Win32
		{3F7002B7-6973-4B69-B9B0-7C6AC06AEEB2}.MT-Release|x64.ActiveCfg = MT-Release|x64
		{3F7002B7-6973-4B69-B9B0-7C6AC06AEEB2}.MT-Release|x64.Build.0 = MT-Release|x64
	EndGlobalSection
	GlobalSection(SolutionProperties) = preSolution
		HideSolutionNode = FALSE
	EndGlobalSection
	GlobalSection(ExtensibilityGlobals) = postSolution
		SolutionGuid = {CFACEC1F-0784-4C92-819F-A771560674F3}
	EndGlobalSection
EndGlobal
